// !$*UTF8*$!
{
	archiveVersion = 1;
	classes = {
	};
	objectVersion = 46;
	objects = {

/* Begin PBXBuildFile section */
		45652E191EAA12C300AC00BE /* AppDelegate.swift in Sources */ = {isa = PBXBuildFile; fileRef = 45652E181EAA12C300AC00BE /* AppDelegate.swift */; };
		45652E1B1EAA12C300AC00BE /* ViewController.swift in Sources */ = {isa = PBXBuildFile; fileRef = 45652E1A1EAA12C300AC00BE /* ViewController.swift */; };
		45652E1E1EAA12C300AC00BE /* Main.storyboard in Resources */ = {isa = PBXBuildFile; fileRef = 45652E1C1EAA12C300AC00BE /* Main.storyboard */; };
		45652E211EAA12C300AC00BE /* DreamLister.xcdatamodeld in Sources */ = {isa = PBXBuildFile; fileRef = 45652E1F1EAA12C300AC00BE /* DreamLister.xcdatamodeld */; };
		45652E231EAA12C300AC00BE /* Assets.xcassets in Resources */ = {isa = PBXBuildFile; fileRef = 45652E221EAA12C300AC00BE /* Assets.xcassets */; };
		45652E261EAA12C300AC00BE /* LaunchScreen.storyboard in Resources */ = {isa = PBXBuildFile; fileRef = 45652E241EAA12C300AC00BE /* LaunchScreen.storyboard */; };
		45652E571EAA248D00AC00BE /* Item+CoreDataClass.swift in Sources */ = {isa = PBXBuildFile; fileRef = 45652E4F1EAA248D00AC00BE /* Item+CoreDataClass.swift */; };
		45652E581EAA248D00AC00BE /* Item+CoreDataProperties.swift in Sources */ = {isa = PBXBuildFile; fileRef = 45652E501EAA248D00AC00BE /* Item+CoreDataProperties.swift */; };
		45652E591EAA248D00AC00BE /* Store+CoreDataClass.swift in Sources */ = {isa = PBXBuildFile; fileRef = 45652E511EAA248D00AC00BE /* Store+CoreDataClass.swift */; };
		45652E5A1EAA248D00AC00BE /* Store+CoreDataProperties.swift in Sources */ = {isa = PBXBuildFile; fileRef = 45652E521EAA248D00AC00BE /* Store+CoreDataProperties.swift */; };
		45652E5B1EAA248D00AC00BE /* Image+CoreDataClass.swift in Sources */ = {isa = PBXBuildFile; fileRef = 45652E531EAA248D00AC00BE /* Image+CoreDataClass.swift */; };
		45652E5C1EAA248D00AC00BE /* Image+CoreDataProperties.swift in Sources */ = {isa = PBXBuildFile; fileRef = 45652E541EAA248D00AC00BE /* Image+CoreDataProperties.swift */; };
		45652E5D1EAA248D00AC00BE /* ItemType+CoreDataClass.swift in Sources */ = {isa = PBXBuildFile; fileRef = 45652E551EAA248D00AC00BE /* ItemType+CoreDataClass.swift */; };
		45652E5E1EAA248D00AC00BE /* ItemType+CoreDataProperties.swift in Sources */ = {isa = PBXBuildFile; fileRef = 45652E561EAA248D00AC00BE /* ItemType+CoreDataProperties.swift */; };
/* End PBXBuildFile section */

/* Begin PBXFileReference section */
		45652E151EAA12C300AC00BE /* DreamLister.app */ = {isa = PBXFileReference; explicitFileType = wrapper.application; includeInIndex = 0; path = DreamLister.app; sourceTree = BUILT_PRODUCTS_DIR; };
		45652E181EAA12C300AC00BE /* AppDelegate.swift */ = {isa = PBXFileReference; lastKnownFileType = sourcecode.swift; path = AppDelegate.swift; sourceTree = "<group>"; };
		45652E1A1EAA12C300AC00BE /* ViewController.swift */ = {isa = PBXFileReference; lastKnownFileType = sourcecode.swift; path = ViewController.swift; sourceTree = "<group>"; };
		45652E1D1EAA12C300AC00BE /* Base */ = {isa = PBXFileReference; lastKnownFileType = file.storyboard; name = Base; path = Base.lproj/Main.storyboard; sourceTree = "<group>"; };
		45652E201EAA12C300AC00BE /* DreamLister.xcdatamodel */ = {isa = PBXFileReference; lastKnownFileType = wrapper.xcdatamodel; path = DreamLister.xcdatamodel; sourceTree = "<group>"; };
		45652E221EAA12C300AC00BE /* Assets.xcassets */ = {isa = PBXFileReference; lastKnownFileType = folder.assetcatalog; path = Assets.xcassets; sourceTree = "<group>"; };
		45652E251EAA12C300AC00BE /* Base */ = {isa = PBXFileReference; lastKnownFileType = file.storyboard; name = Base; path = Base.lproj/LaunchScreen.storyboard; sourceTree = "<group>"; };
		45652E271EAA12C300AC00BE /* Info.plist */ = {isa = PBXFileReference; lastKnownFileType = text.plist.xml; path = Info.plist; sourceTree = "<group>"; };
		45652E4F1EAA248D00AC00BE /* Item+CoreDataClass.swift */ = {isa = PBXFileReference; fileEncoding = 4; lastKnownFileType = sourcecode.swift; path = "Item+CoreDataClass.swift"; sourceTree = "<group>"; };
		45652E501EAA248D00AC00BE /* Item+CoreDataProperties.swift */ = {isa = PBXFileReference; fileEncoding = 4; lastKnownFileType = sourcecode.swift; path = "Item+CoreDataProperties.swift"; sourceTree = "<group>"; };
		45652E511EAA248D00AC00BE /* Store+CoreDataClass.swift */ = {isa = PBXFileReference; fileEncoding = 4; lastKnownFileType = sourcecode.swift; path = "Store+CoreDataClass.swift"; sourceTree = "<group>"; };
		45652E521EAA248D00AC00BE /* Store+CoreDataProperties.swift */ = {isa = PBXFileReference; fileEncoding = 4; lastKnownFileType = sourcecode.swift; path = "Store+CoreDataProperties.swift"; sourceTree = "<group>"; };
		45652E531EAA248D00AC00BE /* Image+CoreDataClass.swift */ = {isa = PBXFileReference; fileEncoding = 4; lastKnownFileType = sourcecode.swift; path = "Image+CoreDataClass.swift"; sourceTree = "<group>"; };
		45652E541EAA248D00AC00BE /* Image+CoreDataProperties.swift */ = {isa = PBXFileReference; fileEncoding = 4; lastKnownFileType = sourcecode.swift; path = "Image+CoreDataProperties.swift"; sourceTree = "<group>"; };
		45652E551EAA248D00AC00BE /* ItemType+CoreDataClass.swift */ = {isa = PBXFileReference; fileEncoding = 4; lastKnownFileType = sourcecode.swift; path = "ItemType+CoreDataClass.swift"; sourceTree = "<group>"; };
		45652E561EAA248D00AC00BE /* ItemType+CoreDataProperties.swift */ = {isa = PBXFileReference; fileEncoding = 4; lastKnownFileType = sourcecode.swift; path = "ItemType+CoreDataProperties.swift"; sourceTree = "<group>"; };
/* End PBXFileReference section */

/* Begin PBXFrameworksBuildPhase section */
		45652E121EAA12C300AC00BE /* Frameworks */ = {
			isa = PBXFrameworksBuildPhase;
			buildActionMask = 2147483647;
			files = (
			);
			runOnlyForDeploymentPostprocessing = 0;
		};
/* End PBXFrameworksBuildPhase section */

/* Begin PBXGroup section */
		45652E0C1EAA12C300AC00BE = {
			isa = PBXGroup;
			children = (
				45652E171EAA12C300AC00BE /* DreamLister */,
				45652E161EAA12C300AC00BE /* Products */,
			);
			sourceTree = "<group>";
		};
		45652E161EAA12C300AC00BE /* Products */ = {
			isa = PBXGroup;
			children = (
				45652E151EAA12C300AC00BE /* DreamLister.app */,
			);
			name = Products;
			sourceTree = "<group>";
		};
		45652E171EAA12C300AC00BE /* DreamLister */ = {
			isa = PBXGroup;
			children = (
				45652E5F1EAA249B00AC00BE /* Model */,
				45652E181EAA12C300AC00BE /* AppDelegate.swift */,
				45652E1A1EAA12C300AC00BE /* ViewController.swift */,
				45652E1C1EAA12C300AC00BE /* Main.storyboard */,
				45652E221EAA12C300AC00BE /* Assets.xcassets */,
				45652E241EAA12C300AC00BE /* LaunchScreen.storyboard */,
				45652E271EAA12C300AC00BE /* Info.plist */,
				45652E1F1EAA12C300AC00BE /* DreamLister.xcdatamodeld */,
			);
			path = DreamLister;
			sourceTree = "<group>";
		};
		45652E5F1EAA249B00AC00BE /* Model */ = {
			isa = PBXGroup;
			children = (
				45652E4F1EAA248D00AC00BE /* Item+CoreDataClass.swift */,
				45652E511EAA248D00AC00BE /* Store+CoreDataClass.swift */,
				45652E531EAA248D00AC00BE /* Image+CoreDataClass.swift */,
				45652E551EAA248D00AC00BE /* ItemType+CoreDataClass.swift */,
				45652E601EAA24A900AC00BE /* Generated */,
			);
			name = Model;
			sourceTree = "<group>";
		};
		45652E601EAA24A900AC00BE /* Generated */ = {
			isa = PBXGroup;
			children = (
				45652E501EAA248D00AC00BE /* Item+CoreDataProperties.swift */,
				45652E521EAA248D00AC00BE /* Store+CoreDataProperties.swift */,
				45652E541EAA248D00AC00BE /* Image+CoreDataProperties.swift */,
				45652E561EAA248D00AC00BE /* ItemType+CoreDataProperties.swift */,
			);
			name = Generated;
			sourceTree = "<group>";
		};
/* End PBXGroup section */

/* Begin PBXNativeTarget section */
		45652E141EAA12C300AC00BE /* DreamLister */ = {
			isa = PBXNativeTarget;
			buildConfigurationList = 45652E2A1EAA12C300AC00BE /* Build configuration list for PBXNativeTarget "DreamLister" */;
			buildPhases = (
				45652E111EAA12C300AC00BE /* Sources */,
				45652E121EAA12C300AC00BE /* Frameworks */,
				45652E131EAA12C300AC00BE /* Resources */,
			);
			buildRules = (
			);
			dependencies = (
			);
			name = DreamLister;
			productName = DreamLister;
			productReference = 45652E151EAA12C300AC00BE /* DreamLister.app */;
			productType = "com.apple.product-type.application";
		};
/* End PBXNativeTarget section */

/* Begin PBXProject section */
		45652E0D1EAA12C300AC00BE /* Project object */ = {
			isa = PBXProject;
			attributes = {
				LastSwiftUpdateCheck = 0830;
				LastUpgradeCheck = 0830;
				ORGANIZATIONNAME = "Ruben Sissing";
				TargetAttributes = {
					45652E141EAA12C300AC00BE = {
						CreatedOnToolsVersion = 8.3.1;
						DevelopmentTeam = 773FQ23Y5A;
						ProvisioningStyle = Automatic;
					};
				};
			};
			buildConfigurationList = 45652E101EAA12C300AC00BE /* Build configuration list for PBXProject "DreamLister" */;
			compatibilityVersion = "Xcode 3.2";
			developmentRegion = English;
			hasScannedForEncodings = 0;
			knownRegions = (
				en,
				Base,
			);
			mainGroup = 45652E0C1EAA12C300AC00BE;
			productRefGroup = 45652E161EAA12C300AC00BE /* Products */;
			projectDirPath = "";
			projectRoot = "";
			targets = (
				45652E141EAA12C300AC00BE /* DreamLister */,
			);
		};
/* End PBXProject section */

/* Begin PBXResourcesBuildPhase section */
		45652E131EAA12C300AC00BE /* Resources */ = {
			isa = PBXResourcesBuildPhase;
			buildActionMask = 2147483647;
			files = (
				45652E261EAA12C300AC00BE /* LaunchScreen.storyboard in Resources */,
				45652E231EAA12C300AC00BE /* Assets.xcassets in Resources */,
				45652E1E1EAA12C300AC00BE /* Main.storyboard in Resources */,
			);
			runOnlyForDeploymentPostprocessing = 0;
		};
/* End PBXResourcesBuildPhase section */

/* Begin PBXSourcesBuildPhase section */
		45652E111EAA12C300AC00BE /* Sources */ = {
			isa = PBXSourcesBuildPhase;
			buildActionMask = 2147483647;
			files = (
				45652E1B1EAA12C300AC00BE /* ViewController.swift in Sources */,
				45652E5C1EAA248D00AC00BE /* Image+CoreDataProperties.swift in Sources */,
				45652E1B1EAA12C300AC00BE /* MainVC.swift in Sources */,
				45652E5D1EAA248D00AC00BE /* ItemType+CoreDataClass.swift in Sources */,
				45652E591EAA248D00AC00BE /* Store+CoreDataClass.swift in Sources */,
				45652E191EAA12C300AC00BE /* AppDelegate.swift in Sources */,
				45652E5B1EAA248D00AC00BE /* Image+CoreDataClass.swift in Sources */,
				45652E571EAA248D00AC00BE /* Item+CoreDataClass.swift in Sources */,
				45652E5E1EAA248D00AC00BE /* ItemType+CoreDataProperties.swift in Sources */,
				45652E5A1EAA248D00AC00BE /* Store+CoreDataProperties.swift in Sources */,
				45652E211EAA12C300AC00BE /* DreamLister.xcdatamodeld in Sources */,
				45652E581EAA248D00AC00BE /* Item+CoreDataProperties.swift in Sources */,
			);
			runOnlyForDeploymentPostprocessing = 0;
		};
/* End PBXSourcesBuildPhase section */

/* Begin PBXVariantGroup section */
		45652E1C1EAA12C300AC00BE /* Main.storyboard */ = {
			isa = PBXVariantGroup;
			children = (
				45652E1D1EAA12C300AC00BE /* Base */,
			);
			name = Main.storyboard;
			sourceTree = "<group>";
		};
		45652E241EAA12C300AC00BE /* LaunchScreen.storyboard */ = {
			isa = PBXVariantGroup;
			children = (
				45652E251EAA12C300AC00BE /* Base */,
			);
			name = LaunchScreen.storyboard;
			sourceTree = "<group>";
		};
/* End PBXVariantGroup section */

/* Begin XCBuildConfiguration section */
		45652E281EAA12C300AC00BE /* Debug */ = {
			isa = XCBuildConfiguration;
			buildSettings = {
				ALWAYS_SEARCH_USER_PATHS = NO;
				CLANG_ANALYZER_NONNULL = YES;
				CLANG_ANALYZER_NUMBER_OBJECT_CONVERSION = YES_AGGRESSIVE;
				CLANG_CXX_LANGUAGE_STANDARD = "gnu++0x";
				CLANG_CXX_LIBRARY = "libc++";
				CLANG_ENABLE_MODULES = YES;
				CLANG_ENABLE_OBJC_ARC = YES;
				CLANG_WARN_BOOL_CONVERSION = YES;
				CLANG_WARN_CONSTANT_CONVERSION = YES;
				CLANG_WARN_DIRECT_OBJC_ISA_USAGE = YES_ERROR;
				CLANG_WARN_DOCUMENTATION_COMMENTS = YES;
				CLANG_WARN_EMPTY_BODY = YES;
				CLANG_WARN_ENUM_CONVERSION = YES;
				CLANG_WARN_INFINITE_RECURSION = YES;
				CLANG_WARN_INT_CONVERSION = YES;
				CLANG_WARN_OBJC_ROOT_CLASS = YES_ERROR;
				CLANG_WARN_SUSPICIOUS_MOVE = YES;
				CLANG_WARN_UNREACHABLE_CODE = YES;
				CLANG_WARN__DUPLICATE_METHOD_MATCH = YES;
				"CODE_SIGN_IDENTITY[sdk=iphoneos*]" = "iPhone Developer";
				COPY_PHASE_STRIP = NO;
				DEBUG_INFORMATION_FORMAT = dwarf;
				ENABLE_STRICT_OBJC_MSGSEND = YES;
				ENABLE_TESTABILITY = YES;
				GCC_C_LANGUAGE_STANDARD = gnu99;
				GCC_DYNAMIC_NO_PIC = NO;
				GCC_NO_COMMON_BLOCKS = YES;
				GCC_OPTIMIZATION_LEVEL = 0;
				GCC_PREPROCESSOR_DEFINITIONS = (
					"DEBUG=1",
					"$(inherited)",
				);
				GCC_WARN_64_TO_32_BIT_CONVERSION = YES;
				GCC_WARN_ABOUT_RETURN_TYPE = YES_ERROR;
				GCC_WARN_UNDECLARED_SELECTOR = YES;
				GCC_WARN_UNINITIALIZED_AUTOS = YES_AGGRESSIVE;
				GCC_WARN_UNUSED_FUNCTION = YES;
				GCC_WARN_UNUSED_VARIABLE = YES;
				IPHONEOS_DEPLOYMENT_TARGET = 10.3;
				MTL_ENABLE_DEBUG_INFO = YES;
				ONLY_ACTIVE_ARCH = YES;
				SDKROOT = iphoneos;
				SWIFT_ACTIVE_COMPILATION_CONDITIONS = DEBUG;
				SWIFT_OPTIMIZATION_LEVEL = "-Onone";
			};
			name = Debug;
		};
		45652E291EAA12C300AC00BE /* Release */ = {
			isa = XCBuildConfiguration;
			buildSettings = {
				ALWAYS_SEARCH_USER_PATHS = NO;
				CLANG_ANALYZER_NONNULL = YES;
				CLANG_ANALYZER_NUMBER_OBJECT_CONVERSION = YES_AGGRESSIVE;
				CLANG_CXX_LANGUAGE_STANDARD = "gnu++0x";
				CLANG_CXX_LIBRARY = "libc++";
				CLANG_ENABLE_MODULES = YES;
				CLANG_ENABLE_OBJC_ARC = YES;
				CLANG_WARN_BOOL_CONVERSION = YES;
				CLANG_WARN_CONSTANT_CONVERSION = YES;
				CLANG_WARN_DIRECT_OBJC_ISA_USAGE = YES_ERROR;
				CLANG_WARN_DOCUMENTATION_COMMENTS = YES;
				CLANG_WARN_EMPTY_BODY = YES;
				CLANG_WARN_ENUM_CONVERSION = YES;
				CLANG_WARN_INFINITE_RECURSION = YES;
				CLANG_WARN_INT_CONVERSION = YES;
				CLANG_WARN_OBJC_ROOT_CLASS = YES_ERROR;
				CLANG_WARN_SUSPICIOUS_MOVE = YES;
				CLANG_WARN_UNREACHABLE_CODE = YES;
				CLANG_WARN__DUPLICATE_METHOD_MATCH = YES;
				"CODE_SIGN_IDENTITY[sdk=iphoneos*]" = "iPhone Developer";
				COPY_PHASE_STRIP = NO;
				DEBUG_INFORMATION_FORMAT = "dwarf-with-dsym";
				ENABLE_NS_ASSERTIONS = NO;
				ENABLE_STRICT_OBJC_MSGSEND = YES;
				GCC_C_LANGUAGE_STANDARD = gnu99;
				GCC_NO_COMMON_BLOCKS = YES;
				GCC_WARN_64_TO_32_BIT_CONVERSION = YES;
				GCC_WARN_ABOUT_RETURN_TYPE = YES_ERROR;
				GCC_WARN_UNDECLARED_SELECTOR = YES;
				GCC_WARN_UNINITIALIZED_AUTOS = YES_AGGRESSIVE;
				GCC_WARN_UNUSED_FUNCTION = YES;
				GCC_WARN_UNUSED_VARIABLE = YES;
				IPHONEOS_DEPLOYMENT_TARGET = 10.3;
				MTL_ENABLE_DEBUG_INFO = NO;
				SDKROOT = iphoneos;
				SWIFT_OPTIMIZATION_LEVEL = "-Owholemodule";
				VALIDATE_PRODUCT = YES;
			};
			name = Release;
		};
		45652E2B1EAA12C300AC00BE /* Debug */ = {
			isa = XCBuildConfiguration;
			buildSettings = {
				ASSETCATALOG_COMPILER_APPICON_NAME = AppIcon;
				DEVELOPMENT_TEAM = 773FQ23Y5A;
				INFOPLIST_FILE = DreamLister/Info.plist;
				LD_RUNPATH_SEARCH_PATHS = "$(inherited) @executable_path/Frameworks";
				PRODUCT_BUNDLE_IDENTIFIER = com.rubensissing.DreamLister;
				PRODUCT_NAME = "$(TARGET_NAME)";
				SWIFT_VERSION = 3.0;
			};
			name = Debug;
		};
		45652E2C1EAA12C300AC00BE /* Release */ = {
			isa = XCBuildConfiguration;
			buildSettings = {
				ASSETCATALOG_COMPILER_APPICON_NAME = AppIcon;
				DEVELOPMENT_TEAM = 773FQ23Y5A;
				INFOPLIST_FILE = DreamLister/Info.plist;
				LD_RUNPATH_SEARCH_PATHS = "$(inherited) @executable_path/Frameworks";
				PRODUCT_BUNDLE_IDENTIFIER = com.rubensissing.DreamLister;
				PRODUCT_NAME = "$(TARGET_NAME)";
				SWIFT_VERSION = 3.0;
			};
			name = Release;
		};
/* End XCBuildConfiguration section */

/* Begin XCConfigurationList section */
		45652E101EAA12C300AC00BE /* Build configuration list for PBXProject "DreamLister" */ = {
			isa = XCConfigurationList;
			buildConfigurations = (
				45652E281EAA12C300AC00BE /* Debug */,
				45652E291EAA12C300AC00BE /* Release */,
			);
			defaultConfigurationIsVisible = 0;
			defaultConfigurationName = Release;
		};
		45652E2A1EAA12C300AC00BE /* Build configuration list for PBXNativeTarget "DreamLister" */ = {
			isa = XCConfigurationList;
			buildConfigurations = (
				45652E2B1EAA12C300AC00BE /* Debug */,
				45652E2C1EAA12C300AC00BE /* Release */,
			);
			defaultConfigurationIsVisible = 0;
		};
/* End XCConfigurationList section */

/* Begin XCVersionGroup section */
		45652E1F1EAA12C300AC00BE /* DreamLister.xcdatamodeld */ = {
			isa = XCVersionGroup;
			children = (
				45652E201EAA12C300AC00BE /* DreamLister.xcdatamodel */,
			);
			currentVersion = 45652E201EAA12C300AC00BE /* DreamLister.xcdatamodel */;
			path = DreamLister.xcdatamodeld;
			sourceTree = "<group>";
			versionGroupType = wrapper.xcdatamodel;
		};
/* End XCVersionGroup section */
	};
	rootObject = 45652E0D1EAA12C300AC00BE /* Project object */;
}
